Albon Idrizi
Microsoft Visual Studio Solution File, Format Version 12.00
# Visual Studio Version 16
VisualStudioVersion = 16.0.30907.101
MinimumVisualStudioVersion = 10.0.40219.1
Project("{F184B08F-C81C-45F6-A57F-5ABD9991F28F}") = "Unite_Bank", "Unite_Bank\Unite_Bank.vbproj", "{34A494F7-CBC7-46A2-9FFC-1F0F39FE123E}"
EndProject
Global
	GlobalSection(SolutionConfigurationPlatforms) = preSolution
		Debug|Any CPU = Debug|Any CPU
		Release|Any CPU = Release|Any CPU
	EndGlobalSection
	GlobalSection(ProjectConfigurationPlatforms) = postSolution
		{34A494F7-CBC7-46A2-9FFC-1F0F39FE123E}.Debug|Any CPU.ActiveCfg = Debug|Any CPU
		{34A494F7-CBC7-46A2-9FFC-1F0F39FE123E}.Debug|Any CPU.Build.0 = Debug|Any CPU
		{34A494F7-CBC7-46A2-9FFC-1F0F39FE123E}.Release|Any CPU.ActiveCfg = Release|Any CPU
		{34A494F7-CBC7-46A2-9FFC-1F0F39FE123E}.Release|Any CPU.Build.0 = Release|Any CPU
	EndGlobalSection
	GlobalSection(SolutionProperties) = preSolution
		HideSolutionNode = FALSE
	EndGlobalSection
	GlobalSection(ExtensibilityGlobals) = postSolution
		SolutionGuid = {0C631A33-C280-44B6-A5B7-03D27C5B4BCD}
	EndGlobalSection
EndGlobal
